
Microsoft Visual Studio Solution File, Format Version 12.00
# Visual Studio 15
VisualStudioVersion = 15.0.27703.2047
MinimumVisualStudioVersion = 10.0.40219.1
Project("{FAE04EC0-301F-11D3-BF4B-00C04F79EFBC}") = "CommonLibrary", "CommonLibrary\CommonLibrary.csproj", "{ADB8440B-75EE-46DA-A5BC-65471B7D627A}"
EndProject
Project("{FAE04EC0-301F-11D3-BF4B-00C04F79EFBC}") = "WpfTest", "WpfTest\WpfTest.csproj", "{9E9BD892-F359-41BB-8743-FE60EB16D4EB}"
EndProject
Project("{FAE04EC0-301F-11D3-BF4B-00C04F79EFBC}") = "WpfCommonStye", "WpfCommonStye\WpfCommonStye.csproj", "{C2D795D4-D4FF-4E07-84A8-6E1F214E03AB}"
EndProject
Project("{FAE04EC0-301F-11D3-BF4B-00C04F79EFBC}") = "TcpServer", "TcpServer\TcpServer.csproj", "{D435DC6C-A442-4A27-995B-F0BC0B11CF03}"
EndProject
Project("{FAE04EC0-301F-11D3-BF4B-00C04F79EFBC}") = "TcpClient", "TcpClient\TcpClient.csproj", "{8AC019DA-56D1-4DCC-BE12-B5BC5D8D528E}"
EndProject
Project("{FAE04EC0-301F-11D3-BF4B-00C04F79EFBC}") = "SocketServer", "SocketServer\SocketServer.csproj", "{E22B421D-A68E-49AB-ABAF-6BF8E27FA2B6}"
EndProject
Project("{FAE04EC0-301F-11D3-BF4B-00C04F79EFBC}") = "SocketClient", "SocketClient\SocketClient.csproj", "{C359C851-20A8-4FF6-9E05-C48930E8AE84}"
EndProject
Project("{FAE04EC0-301F-11D3-BF4B-00C04F79EFBC}") = "SocketAsyncServer", "SocketAsyncServer\SocketAsyncServer.csproj", "{EC2BFDBC-661E-421C-9E17-558D76A3C492}"
EndProject
Global
	GlobalSection(SolutionConfigurationPlatforms) = preSolution
		Debug|Any CPU = Debug|Any CPU
		Release|Any CPU = Release|Any CPU
	EndGlobalSection
	GlobalSection(ProjectConfigurationPlatforms) = postSolution
		{ADB8440B-75EE-46DA-A5BC-65471B7D627A}.Debug|Any CPU.ActiveCfg = Debug|Any CPU
		{ADB8440B-75EE-46DA-A5BC-65471B7D627A}.Debug|Any CPU.Build.0 = Debug|Any CPU
		{ADB8440B-75EE-46DA-A5BC-65471B7D627A}.Release|Any CPU.ActiveCfg = Release|Any CPU
		{ADB8440B-75EE-46DA-A5BC-65471B7D627A}.Release|Any CPU.Build.0 = Release|Any CPU
		{9E9BD892-F359-41BB-8743-FE60EB16D4EB}.Debug|Any CPU.ActiveCfg = Debug|Any CPU
		{9E9BD892-F359-41BB-8743-FE60EB16D4EB}.Debug|Any CPU.Build.0 = Debug|Any CPU
		{9E9BD892-F359-41BB-8743-FE60EB16D4EB}.Release|Any CPU.ActiveCfg = Release|Any CPU
		{9E9BD892-F359-41BB-8743-FE60EB16D4EB}.Release|Any CPU.Build.0 = Release|Any CPU
		{C2D795D4-D4FF-4E07-84A8-6E1F214E03AB}.Debug|Any CPU.ActiveCfg = Debug|Any CPU
		{C2D795D4-D4FF-4E07-84A8-6E1F214E03AB}.Debug|Any CPU.Build.0 = Debug|Any CPU
		{C2D795D4-D4FF-4E07-84A8-6E1F214E03AB}.Release|Any CPU.ActiveCfg = Release|Any CPU
		{C2D795D4-D4FF-4E07-84A8-6E1F214E03AB}.Release|Any CPU.Build.0 = Release|Any CPU
		{D435DC6C-A442-4A27-995B-F0BC0B11CF03}.Debug|Any CPU.ActiveCfg = Debug|Any CPU
		{D435DC6C-A442-4A27-995B-F0BC0B11CF03}.Debug|Any CPU.Build.0 = Debug|Any CPU
		{D435DC6C-A442-4A27-995B-F0BC0B11CF03}.Release|Any CPU.ActiveCfg = Release|Any CPU
		{D435DC6C-A442-4A27-995B-F0BC0B11CF03}.Release|Any CPU.Build.0 = Release|Any CPU
		{8AC019DA-56D1-4DCC-BE12-B5BC5D8D528E}.Debug|Any CPU.ActiveCfg = Debug|Any CPU
		{8AC019DA-56D1-4DCC-BE12-B5BC5D8D528E}.Debug|Any CPU.Build.0 = Debug|Any CPU
		{8AC019DA-56D1-4DCC-BE12-B5BC5D8D528E}.Release|Any CPU.ActiveCfg = Release|Any CPU
		{8AC019DA-56D1-4DCC-BE12-B5BC5D8D528E}.Release|Any CPU.Build.0 = Release|Any CPU
		{E22B421D-A68E-49AB-ABAF-6BF8E27FA2B6}.Debug|Any CPU.ActiveCfg = Debug|Any CPU
		{E22B421D-A68E-49AB-ABAF-6BF8E27FA2B6}.Debug|Any CPU.Build.0 = Debug|Any CPU
		{E22B421D-A68E-49AB-ABAF-6BF8E27FA2B6}.Release|Any CPU.ActiveCfg = Release|Any CPU
		{E22B421D-A68E-49AB-ABAF-6BF8E27FA2B6}.Release|Any CPU.Build.0 = Release|Any CPU
		{C359C851-20A8-4FF6-9E05-C48930E8AE84}.Debug|Any CPU.ActiveCfg = Debug|Any CPU
		{C359C851-20A8-4FF6-9E05-C48930E8AE84}.Debug|Any CPU.Build.0 = Debug|Any CPU
		{C359C851-20A8-4FF6-9E05-C48930E8AE84}.Release|Any CPU.ActiveCfg = Release|Any CPU
		{C359C851-20A8-4FF6-9E05-C48930E8AE84}.Release|Any CPU.Build.0 = Release|Any CPU
		{EC2BFDBC-661E-421C-9E17-558D76A3C492}.Debug|Any CPU.ActiveCfg = Debug|Any CPU
		{EC2BFDBC-661E-421C-9E17-558D76A3C492}.Debug|Any CPU.Build.0 = Debug|Any CPU
		{EC2BFDBC-661E-421C-9E17-558D76A3C492}.Release|Any CPU.ActiveCfg = Release|Any CPU
		{EC2BFDBC-661E-421C-9E17-558D76A3C492}.Release|Any CPU.Build.0 = Release|Any CPU
	EndGlobalSection
	GlobalSection(SolutionProperties) = preSolution
		HideSolutionNode = FALSE
	EndGlobalSection
	GlobalSection(ExtensibilityGlobals) = postSolution
		SolutionGuid = {2ADB4791-3BAF-4298-B669-36A5945CD8C8}
	EndGlobalSection
EndGlobal
